
Microsoft Visual Studio Solution File, Format Version 12.00
# Visual Studio Version 17
VisualStudioVersion = 17.9.34728.123
MinimumVisualStudioVersion = 10.0.40219.1
Project("{9A19103F-16F7-4668-BE54-9A1E7A4F7556}") = "WebApplication1", "WebApplication1.csproj", "{A5D74136-DBD6-4F14-BB7F-88765FE335B9}"
EndProject
Project("{FAE04EC0-301F-11D3-BF4B-00C04F79EFBC}") = "MSTestLab4", "..\MSTestLab4\MSTestLab4.csproj", "{C7861A95-F18E-44DC-B0CD-8399B1DBC962}"
EndProject
Global
	GlobalSection(SolutionConfigurationPlatforms) = preSolution
		Debug|Any CPU = Debug|Any CPU
		Release|Any CPU = Release|Any CPU
	EndGlobalSection
	GlobalSection(ProjectConfigurationPlatforms) = postSolution
		{A5D74136-DBD6-4F14-BB7F-88765FE335B9}.Debug|Any CPU.ActiveCfg = Debug|Any CPU
		{A5D74136-DBD6-4F14-BB7F-88765FE335B9}.Debug|Any CPU.Build.0 = Debug|Any CPU
		{A5D74136-DBD6-4F14-BB7F-88765FE335B9}.Release|Any CPU.ActiveCfg = Release|Any CPU
		{A5D74136-DBD6-4F14-BB7F-88765FE335B9}.Release|Any CPU.Build.0 = Release|Any CPU
		{C7861A95-F18E-44DC-B0CD-8399B1DBC962}.Debug|Any CPU.ActiveCfg = Debug|Any CPU
		{C7861A95-F18E-44DC-B0CD-8399B1DBC962}.Debug|Any CPU.Build.0 = Debug|Any CPU
		{C7861A95-F18E-44DC-B0CD-8399B1DBC962}.Release|Any CPU.ActiveCfg = Release|Any CPU
		{C7861A95-F18E-44DC-B0CD-8399B1DBC962}.Release|Any CPU.Build.0 = Release|Any CPU
	EndGlobalSection
	GlobalSection(SolutionProperties) = preSolution
		HideSolutionNode = FALSE
	EndGlobalSection
	GlobalSection(ExtensibilityGlobals) = postSolution
		SolutionGuid = {3FB3ACA2-8B11-4FA1-9204-D447BCD1A3CA}
	EndGlobalSection
EndGlobal
