
Microsoft Visual Studio Solution File, Format Version 12.00
# Visual Studio Version 17
VisualStudioVersion = 17.9.34728.123
MinimumVisualStudioVersion = 10.0.40219.1
Project("{9A19103F-16F7-4668-BE54-9A1E7A4F7556}") = "TestProject1", "..\TestProject1\TestProject1.csproj", "{85721C51-30A2-43A8-A45D-DF2ADC2B2FCC}"
EndProject
Project("{9A19103F-16F7-4668-BE54-9A1E7A4F7556}") = "LabsShareLibrary", "..\LabsShareLibrary\LabsShareLibrary.csproj", "{2CF63180-2E50-46C2-A227-3DBB9D06A4E5}"
EndProject
Project("{9A19103F-16F7-4668-BE54-9A1E7A4F7556}") = "Lab2", "..\Lab2\Lab2.csproj", "{472E5B69-CC12-456F-954D-E1CFD2B7ADB9}"
EndProject
Global
	GlobalSection(SolutionConfigurationPlatforms) = preSolution
		Debug|Any CPU = Debug|Any CPU
		Release|Any CPU = Release|Any CPU
	EndGlobalSection
	GlobalSection(ProjectConfigurationPlatforms) = postSolution
		{85721C51-30A2-43A8-A45D-DF2ADC2B2FCC}.Debug|Any CPU.ActiveCfg = Debug|Any CPU
		{85721C51-30A2-43A8-A45D-DF2ADC2B2FCC}.Debug|Any CPU.Build.0 = Debug|Any CPU
		{85721C51-30A2-43A8-A45D-DF2ADC2B2FCC}.Release|Any CPU.ActiveCfg = Release|Any CPU
		{85721C51-30A2-43A8-A45D-DF2ADC2B2FCC}.Release|Any CPU.Build.0 = Release|Any CPU
		{2CF63180-2E50-46C2-A227-3DBB9D06A4E5}.Debug|Any CPU.ActiveCfg = Debug|Any CPU
		{2CF63180-2E50-46C2-A227-3DBB9D06A4E5}.Debug|Any CPU.Build.0 = Debug|Any CPU
		{2CF63180-2E50-46C2-A227-3DBB9D06A4E5}.Release|Any CPU.ActiveCfg = Release|Any CPU
		{2CF63180-2E50-46C2-A227-3DBB9D06A4E5}.Release|Any CPU.Build.0 = Release|Any CPU
		{472E5B69-CC12-456F-954D-E1CFD2B7ADB9}.Debug|Any CPU.ActiveCfg = Debug|Any CPU
		{472E5B69-CC12-456F-954D-E1CFD2B7ADB9}.Debug|Any CPU.Build.0 = Debug|Any CPU
		{472E5B69-CC12-456F-954D-E1CFD2B7ADB9}.Release|Any CPU.ActiveCfg = Release|Any CPU
		{472E5B69-CC12-456F-954D-E1CFD2B7ADB9}.Release|Any CPU.Build.0 = Release|Any CPU
	EndGlobalSection
	GlobalSection(SolutionProperties) = preSolution
		HideSolutionNode = FALSE
	EndGlobalSection
	GlobalSection(ExtensibilityGlobals) = postSolution
		SolutionGuid = {564ADBC8-1548-4AF4-9962-9A00A1D47D4A}
	EndGlobalSection
EndGlobal
